
Microsoft Visual Studio Solution File, Format Version 12.00
Project("{FAE04EC0-301F-11D3-BF4B-00C04F79EFBC}") = "SimpleX", "SimpleX\SimpleX.csproj", "{DA24265B-5052-48B8-9347-2348B6C96638}"
EndProject
Project("{FAE04EC0-301F-11D3-BF4B-00C04F79EFBC}") = "TestStuff", "TestStuff\TestStuff.csproj", "{73797849-C8E0-4724-A92B-2E5F1D29C26A}"
EndProject
Global
	GlobalSection(SolutionConfigurationPlatforms) = preSolution
		Debug|Any CPU = Debug|Any CPU
		Release|Any CPU = Release|Any CPU
	EndGlobalSection
	GlobalSection(ProjectConfigurationPlatforms) = postSolution
		{DA24265B-5052-48B8-9347-2348B6C96638}.Debug|Any CPU.ActiveCfg = Debug|Any CPU
		{DA24265B-5052-48B8-9347-2348B6C96638}.Debug|Any CPU.Build.0 = Debug|Any CPU
		{DA24265B-5052-48B8-9347-2348B6C96638}.Release|Any CPU.ActiveCfg = Release|Any CPU
		{DA24265B-5052-48B8-9347-2348B6C96638}.Release|Any CPU.Build.0 = Release|Any CPU
		{73797849-C8E0-4724-A92B-2E5F1D29C26A}.Debug|Any CPU.ActiveCfg = Debug|Any CPU
		{73797849-C8E0-4724-A92B-2E5F1D29C26A}.Debug|Any CPU.Build.0 = Debug|Any CPU
		{73797849-C8E0-4724-A92B-2E5F1D29C26A}.Release|Any CPU.ActiveCfg = Release|Any CPU
		{73797849-C8E0-4724-A92B-2E5F1D29C26A}.Release|Any CPU.Build.0 = Release|Any CPU
	EndGlobalSection
EndGlobal
